
Microsoft Visual Studio Solution File, Format Version 12.00
# Visual Studio Version 16
VisualStudioVersion = 16.0.30907.101
MinimumVisualStudioVersion = 10.0.40219.1
Project("{FAE04EC0-301F-11D3-BF4B-00C04F79EFBC}") = "Paint", "Paint\Paint.csproj", "{F54A1FDF-CB2A-4A07-B73C-F42311D5CCF6}"
EndProject
Global
	GlobalSection(SolutionConfigurationPlatforms) = preSolution
		Debug|Any CPU = Debug|Any CPU
		Release|Any CPU = Release|Any CPU
	EndGlobalSection
	GlobalSection(ProjectConfigurationPlatforms) = postSolution
		{F54A1FDF-CB2A-4A07-B73C-F42311D5CCF6}.Debug|Any CPU.ActiveCfg = Debug|Any CPU
		{F54A1FDF-CB2A-4A07-B73C-F42311D5CCF6}.Debug|Any CPU.Build.0 = Debug|Any CPU
		{F54A1FDF-CB2A-4A07-B73C-F42311D5CCF6}.Release|Any CPU.ActiveCfg = Release|Any CPU
		{F54A1FDF-CB2A-4A07-B73C-F42311D5CCF6}.Release|Any CPU.Build.0 = Release|Any CPU
	EndGlobalSection
	GlobalSection(SolutionProperties) = preSolution
		HideSolutionNode = FALSE
	EndGlobalSection
	GlobalSection(ExtensibilityGlobals) = postSolution
		SolutionGuid = {B5395DC9-2041-4676-8FAA-881D7842C3B9}
	EndGlobalSection
EndGlobal
